Microsoft Visual Studio Solution File, Format Version 12.00
# Visual Studio 2012
VisualStudioVersion = 12.0.0.0
MinimumVisualStudioVersion = 10.0.0.1
Project("{FAE04EC0-301F-11D3-BF4B-00C04F79EFBC}") = "com.thebluealliance.TBAAPI.v3client", "src\com.thebluealliance.TBAAPI.v3client\com.thebluealliance.TBAAPI.v3client.csproj", "62BADEDE-E7D9-48EA-95BF-79D7812A5068"
EndProject
Project("{FAE04EC0-301F-11D3-BF4B-00C04F79EFBC}") = "com.thebluealliance.TBAAPI.v3client.Test", "src\com.thebluealliance.TBAAPI.v3client.Test\com.thebluealliance.TBAAPI.v3client.Test.csproj", "{19F1DEBC-DE5E-4517-8062-F000CD499087}"
EndProject
Global
	GlobalSection(SolutionConfigurationPlatforms) = preSolution
		Debug|Any CPU = Debug|Any CPU
		Release|Any CPU = Release|Any CPU
	EndGlobalSection
	GlobalSection(ProjectConfigurationPlatforms) = postSolution
		62BADEDE-E7D9-48EA-95BF-79D7812A5068.Debug|Any CPU.ActiveCfg = Debug|Any CPU
		62BADEDE-E7D9-48EA-95BF-79D7812A5068.Debug|Any CPU.Build.0 = Debug|Any CPU
		62BADEDE-E7D9-48EA-95BF-79D7812A5068.Release|Any CPU.ActiveCfg = Release|Any CPU
		62BADEDE-E7D9-48EA-95BF-79D7812A5068.Release|Any CPU.Build.0 = Release|Any CPU
		{19F1DEBC-DE5E-4517-8062-F000CD499087}.Debug|Any CPU.ActiveCfg = Debug|Any CPU
		{19F1DEBC-DE5E-4517-8062-F000CD499087}.Debug|Any CPU.Build.0 = Debug|Any CPU
		{19F1DEBC-DE5E-4517-8062-F000CD499087}.Release|Any CPU.ActiveCfg = Release|Any CPU
		{19F1DEBC-DE5E-4517-8062-F000CD499087}.Release|Any CPU.Build.0 = Release|Any CPU
	EndGlobalSection
	GlobalSection(SolutionProperties) = preSolution
		HideSolutionNode = FALSE
	EndGlobalSection
EndGlobal